
Microsoft Visual Studio Solution File, Format Version 12.00
# Visual Studio Version 17
VisualStudioVersion = 17.3.32804.467
MinimumVisualStudioVersion = 10.0.40219.1
Project("{FAE04EC0-301F-11D3-BF4B-00C04F79EFBC}") = "StackApplication", "StackApplication\StackApplication.csproj", "{B6647383-68AA-4B88-8C52-70478E6632BC}"
EndProject
Global
	GlobalSection(SolutionConfigurationPlatforms) = preSolution
		Debug|Any CPU = Debug|Any CPU
		Release|Any CPU = Release|Any CPU
	EndGlobalSection
	GlobalSection(ProjectConfigurationPlatforms) = postSolution
		{B6647383-68AA-4B88-8C52-70478E6632BC}.Debug|Any CPU.ActiveCfg = Debug|Any CPU
		{B6647383-68AA-4B88-8C52-70478E6632BC}.Debug|Any CPU.Build.0 = Debug|Any CPU
		{B6647383-68AA-4B88-8C52-70478E6632BC}.Release|Any CPU.ActiveCfg = Release|Any CPU
		{B6647383-68AA-4B88-8C52-70478E6632BC}.Release|Any CPU.Build.0 = Release|Any CPU
	EndGlobalSection
	GlobalSection(SolutionProperties) = preSolution
		HideSolutionNode = FALSE
	EndGlobalSection
	GlobalSection(ExtensibilityGlobals) = postSolution
		SolutionGuid = {11FB9101-FE54-4BE0-A818-636801CA198E}
	EndGlobalSection
EndGlobal
